
Microsoft Visual Studio Solution File, Format Version 11.00
# Visual Studio 2010
Project("{FAE04EC0-301F-11D3-BF4B-00C04F79EFBC}") = "AstarPathfindingProject", "AstarPathfindingProject.csproj", "{EB79C581-B509-EEBE-81EC-E114546CECB8}"
EndProject
Project("{FAE04EC0-301F-11D3-BF4B-00C04F79EFBC}") = "Assembly-CSharp", "Assembly-CSharp.csproj", "{93F5B9C6-978F-2E95-23D3-2D6A203E2318}"
EndProject
Project("{FAE04EC0-301F-11D3-BF4B-00C04F79EFBC}") = "AstarPathfindingProjectEditor", "AstarPathfindingProjectEditor.csproj", "{E41E94A8-59C8-CD32-C461-E690C0D58BBF}"
EndProject
Project("{FAE04EC0-301F-11D3-BF4B-00C04F79EFBC}") = "PackageToolsEditor", "PackageToolsEditor.csproj", "{614B5FD5-7CC7-71DB-870D-EEE25D7EA51E}"
EndProject
Global
	GlobalSection(SolutionConfigurationPlatforms) = preSolution
		Debug|Any CPU = Debug|Any CPU
		Release|Any CPU = Release|Any CPU
	EndGlobalSection
	GlobalSection(ProjectConfigurationPlatforms) = postSolution
		{EB79C581-B509-EEBE-81EC-E114546CECB8}.Debug|Any CPU.ActiveCfg = Debug|Any CPU
		{EB79C581-B509-EEBE-81EC-E114546CECB8}.Debug|Any CPU.Build.0 = Debug|Any CPU
		{EB79C581-B509-EEBE-81EC-E114546CECB8}.Release|Any CPU.ActiveCfg = Release|Any CPU
		{EB79C581-B509-EEBE-81EC-E114546CECB8}.Release|Any CPU.Build.0 = Release|Any CPU
		{93F5B9C6-978F-2E95-23D3-2D6A203E2318}.Debug|Any CPU.ActiveCfg = Debug|Any CPU
		{93F5B9C6-978F-2E95-23D3-2D6A203E2318}.Debug|Any CPU.Build.0 = Debug|Any CPU
		{93F5B9C6-978F-2E95-23D3-2D6A203E2318}.Release|Any CPU.ActiveCfg = Release|Any CPU
		{93F5B9C6-978F-2E95-23D3-2D6A203E2318}.Release|Any CPU.Build.0 = Release|Any CPU
		{E41E94A8-59C8-CD32-C461-E690C0D58BBF}.Debug|Any CPU.ActiveCfg = Debug|Any CPU
		{E41E94A8-59C8-CD32-C461-E690C0D58BBF}.Debug|Any CPU.Build.0 = Debug|Any CPU
		{E41E94A8-59C8-CD32-C461-E690C0D58BBF}.Release|Any CPU.ActiveCfg = Release|Any CPU
		{E41E94A8-59C8-CD32-C461-E690C0D58BBF}.Release|Any CPU.Build.0 = Release|Any CPU
		{614B5FD5-7CC7-71DB-870D-EEE25D7EA51E}.Debug|Any CPU.ActiveCfg = Debug|Any CPU
		{614B5FD5-7CC7-71DB-870D-EEE25D7EA51E}.Debug|Any CPU.Build.0 = Debug|Any CPU
		{614B5FD5-7CC7-71DB-870D-EEE25D7EA51E}.Release|Any CPU.ActiveCfg = Release|Any CPU
		{614B5FD5-7CC7-71DB-870D-EEE25D7EA51E}.Release|Any CPU.Build.0 = Release|Any CPU
	EndGlobalSection
	GlobalSection(SolutionProperties) = preSolution
		HideSolutionNode = FALSE
	EndGlobalSection
EndGlobal
